
Microsoft Visual Studio Solution File, Format Version 12.00
Project("{2150E333-8FDC-42A3-9474-1A3956D46DE8}") = "1.1_Introduksjon_Til_CSharp_Dag", "1.1_Introduksjon_Til_CSharp_Dag", "{05FD8264-8DD1-4C98-B18C-428324E87515}"
EndProject
Project("{FAE04EC0-301F-11D3-BF4B-00C04F79EFBC}") = "1.1_IntroToNet", "1.1_IntroToNet\1.1_IntroToNet.csproj", "{F080E84A-853B-49F1-9FFC-F2AA05659548}"
EndProject
Project("{FAE04EC0-301F-11D3-BF4B-00C04F79EFBC}") = "1.1_IntroToNetV2", "1.1_IntroToNetV2\1.1_IntroToNetV2.csproj", "{D0C1E0CE-ED62-4E57-BE5A-009001061079}"
EndProject
Project("{2150E333-8FDC-42A3-9474-1A3956D46DE8}") = "1.2_UserGame_Martin", "1.2_UserGame_Martin", "{FCD535E2-0CB1-4124-8BE2-E5AB11E4D6C1}"
EndProject
Project("{FAE04EC0-301F-11D3-BF4B-00C04F79EFBC}") = "1.2_UserGame", "1.2_UserGame\1.2_UserGame.csproj", "{25936544-B4E6-4908-BDD2-45AD4B06ED59}"
EndProject
Project("{2150E333-8FDC-42A3-9474-1A3956D46DE8}") = "1.3_MoreIntroToNET", "1.3_MoreIntroToNET", "{F0BE8BBB-A99D-4A57-9CD7-15FD06FF7AA6}"
EndProject
Project("{FAE04EC0-301F-11D3-BF4B-00C04F79EFBC}") = "1.3_CastingParsingEnums", "1.3_CastingParsingEnums\1.3_CastingParsingEnums.csproj", "{8F12FD2F-0D4A-4C76-9DFA-DA6DE11C489F}"
EndProject
Project("{2150E333-8FDC-42A3-9474-1A3956D46DE8}") = "1.4_ArrayBokhylle_Martin", "1.4_ArrayBokhylle_Martin", "{17B2A85F-CF8B-41CC-9FE9-56BA0D984049}"
EndProject
Project("{FAE04EC0-301F-11D3-BF4B-00C04F79EFBC}") = "1.4_Arrays_ArrayBokhylle_Martin", "1.4_Arrays_ArrayBokhylle_Martin\1.4_Arrays_ArrayBokhylle_Martin.csproj", "{65C12FC5-C5B4-461D-A570-D2C19A6B3495}"
EndProject
Project("{2150E333-8FDC-42A3-9474-1A3956D46DE8}") = "1.5_ClassesAndObjects", "1.5_ClassesAndObjects", "{54F78648-8F3C-4E82-A310-0206FE7310F3}"
EndProject
Project("{FAE04EC0-301F-11D3-BF4B-00C04F79EFBC}") = "1.5_ClassesAndObjects", "1.5_ClassesAndObjects\1.5_ClassesAndObjects.csproj", "{18D73863-F4E2-4D57-B2DB-DD26D1AF1BCE}"
EndProject
Project("{2150E333-8FDC-42A3-9474-1A3956D46DE8}") = "1.6_ModelleringOgTerminalShootr ", "1.6_ModelleringOgTerminalShootr ", "{2FDB984B-860E-4936-B9F0-F8DA18D59FE5}"
EndProject
Global
	GlobalSection(SolutionConfigurationPlatforms) = preSolution
		Debug|Any CPU = Debug|Any CPU
		Release|Any CPU = Release|Any CPU
	EndGlobalSection
	GlobalSection(ProjectConfigurationPlatforms) = postSolution
		{F080E84A-853B-49F1-9FFC-F2AA05659548}.Debug|Any CPU.ActiveCfg = Debug|Any CPU
		{F080E84A-853B-49F1-9FFC-F2AA05659548}.Debug|Any CPU.Build.0 = Debug|Any CPU
		{F080E84A-853B-49F1-9FFC-F2AA05659548}.Release|Any CPU.ActiveCfg = Release|Any CPU
		{F080E84A-853B-49F1-9FFC-F2AA05659548}.Release|Any CPU.Build.0 = Release|Any CPU
		{D0C1E0CE-ED62-4E57-BE5A-009001061079}.Debug|Any CPU.ActiveCfg = Debug|Any CPU
		{D0C1E0CE-ED62-4E57-BE5A-009001061079}.Debug|Any CPU.Build.0 = Debug|Any CPU
		{D0C1E0CE-ED62-4E57-BE5A-009001061079}.Release|Any CPU.ActiveCfg = Release|Any CPU
		{D0C1E0CE-ED62-4E57-BE5A-009001061079}.Release|Any CPU.Build.0 = Release|Any CPU
		{25936544-B4E6-4908-BDD2-45AD4B06ED59}.Debug|Any CPU.ActiveCfg = Debug|Any CPU
		{25936544-B4E6-4908-BDD2-45AD4B06ED59}.Debug|Any CPU.Build.0 = Debug|Any CPU
		{25936544-B4E6-4908-BDD2-45AD4B06ED59}.Release|Any CPU.ActiveCfg = Release|Any CPU
		{25936544-B4E6-4908-BDD2-45AD4B06ED59}.Release|Any CPU.Build.0 = Release|Any CPU
		{8F12FD2F-0D4A-4C76-9DFA-DA6DE11C489F}.Debug|Any CPU.ActiveCfg = Debug|Any CPU
		{8F12FD2F-0D4A-4C76-9DFA-DA6DE11C489F}.Debug|Any CPU.Build.0 = Debug|Any CPU
		{8F12FD2F-0D4A-4C76-9DFA-DA6DE11C489F}.Release|Any CPU.ActiveCfg = Release|Any CPU
		{8F12FD2F-0D4A-4C76-9DFA-DA6DE11C489F}.Release|Any CPU.Build.0 = Release|Any CPU
		{65C12FC5-C5B4-461D-A570-D2C19A6B3495}.Debug|Any CPU.ActiveCfg = Debug|Any CPU
		{65C12FC5-C5B4-461D-A570-D2C19A6B3495}.Debug|Any CPU.Build.0 = Debug|Any CPU
		{65C12FC5-C5B4-461D-A570-D2C19A6B3495}.Release|Any CPU.ActiveCfg = Release|Any CPU
		{65C12FC5-C5B4-461D-A570-D2C19A6B3495}.Release|Any CPU.Build.0 = Release|Any CPU
		{18D73863-F4E2-4D57-B2DB-DD26D1AF1BCE}.Debug|Any CPU.ActiveCfg = Debug|Any CPU
		{18D73863-F4E2-4D57-B2DB-DD26D1AF1BCE}.Debug|Any CPU.Build.0 = Debug|Any CPU
		{18D73863-F4E2-4D57-B2DB-DD26D1AF1BCE}.Release|Any CPU.ActiveCfg = Release|Any CPU
		{18D73863-F4E2-4D57-B2DB-DD26D1AF1BCE}.Release|Any CPU.Build.0 = Release|Any CPU
	EndGlobalSection
	GlobalSection(NestedProjects) = preSolution
		{F080E84A-853B-49F1-9FFC-F2AA05659548} = {05FD8264-8DD1-4C98-B18C-428324E87515}
		{D0C1E0CE-ED62-4E57-BE5A-009001061079} = {05FD8264-8DD1-4C98-B18C-428324E87515}
		{25936544-B4E6-4908-BDD2-45AD4B06ED59} = {FCD535E2-0CB1-4124-8BE2-E5AB11E4D6C1}
		{8F12FD2F-0D4A-4C76-9DFA-DA6DE11C489F} = {F0BE8BBB-A99D-4A57-9CD7-15FD06FF7AA6}
		{65C12FC5-C5B4-461D-A570-D2C19A6B3495} = {17B2A85F-CF8B-41CC-9FE9-56BA0D984049}
		{18D73863-F4E2-4D57-B2DB-DD26D1AF1BCE} = {54F78648-8F3C-4E82-A310-0206FE7310F3}
	EndGlobalSection
EndGlobal
